
Microsoft Visual Studio Solution File, Format Version 12.00
# Visual Studio Version 16
VisualStudioVersion = 16.0.31424.327
MinimumVisualStudioVersion = 10.0.40219.1
Project("{8BC9CEB8-8B4A-11D0-8D11-00A0C91BC942}") = "c语言第三天第三点", "c语言第三天第三点.vcxproj", "{C9CB3495-35AF-4146-BDB1-84481EB5D870}"
EndProject
Global
	GlobalSection(SolutionConfigurationPlatforms) = preSolution
		Debug|x64 = Debug|x64
		Debug|x86 = Debug|x86
		Release|x64 = Release|x64
		Release|x86 = Release|x86
	EndGlobalSection
	GlobalSection(ProjectConfigurationPlatforms) = postSolution
		{C9CB3495-35AF-4146-BDB1-84481EB5D870}.Debug|x64.ActiveCfg = Debug|x64
		{C9CB3495-35AF-4146-BDB1-84481EB5D870}.Debug|x64.Build.0 = Debug|x64
		{C9CB3495-35AF-4146-BDB1-84481EB5D870}.Debug|x86.ActiveCfg = Debug|Win32
		{C9CB3495-35AF-4146-BDB1-84481EB5D870}.Debug|x86.Build.0 = Debug|Win32
		{C9CB3495-35AF-4146-BDB1-84481EB5D870}.Release|x64.ActiveCfg = Release|x64
		{C9CB3495-35AF-4146-BDB1-84481EB5D870}.Release|x64.Build.0 = Release|x64
		{C9CB3495-35AF-4146-BDB1-84481EB5D870}.Release|x86.ActiveCfg = Release|Win32
		{C9CB3495-35AF-4146-BDB1-84481EB5D870}.Release|x86.Build.0 = Release|Win32
	EndGlobalSection
	GlobalSection(SolutionProperties) = preSolution
		HideSolutionNode = FALSE
	EndGlobalSection
	GlobalSection(ExtensibilityGlobals) = postSolution
		SolutionGuid = {AB58D0D4-A789-4752-82B6-5308DCEF0F72}
	EndGlobalSection
EndGlobal
